
Microsoft Visual Studio Solution File, Format Version 12.00
# Visual Studio Version 16
VisualStudioVersion = 16.0.28917.181
MinimumVisualStudioVersion = 10.0.40219.1
Project("{FAE04EC0-301F-11D3-BF4B-00C04F79EFBC}") = "ZooHw", "ZooHw\ZooHw.csproj", "{752CAEF1-309F-4852-8A14-5AFF8178CFC9}"
EndProject
Global
	GlobalSection(SolutionConfigurationPlatforms) = preSolution
		Debug|Any CPU = Debug|Any CPU
		Release|Any CPU = Release|Any CPU
	EndGlobalSection
	GlobalSection(ProjectConfigurationPlatforms) = postSolution
		{752CAEF1-309F-4852-8A14-5AFF8178CFC9}.Debug|Any CPU.ActiveCfg = Debug|Any CPU
		{752CAEF1-309F-4852-8A14-5AFF8178CFC9}.Debug|Any CPU.Build.0 = Debug|Any CPU
		{752CAEF1-309F-4852-8A14-5AFF8178CFC9}.Release|Any CPU.ActiveCfg = Release|Any CPU
		{752CAEF1-309F-4852-8A14-5AFF8178CFC9}.Release|Any CPU.Build.0 = Release|Any CPU
	EndGlobalSection
	GlobalSection(SolutionProperties) = preSolution
		HideSolutionNode = FALSE
	EndGlobalSection
	GlobalSection(ExtensibilityGlobals) = postSolution
		SolutionGuid = {BB1E62ED-254F-41C2-B8EF-030E3C8E5E55}
	EndGlobalSection
EndGlobal
